
Microsoft Visual Studio Solution File, Format Version 12.00
# Visual Studio 15
VisualStudioVersion = 15.0.26730.12
MinimumVisualStudioVersion = 10.0.40219.1
Project("{FAE04EC0-301F-11D3-BF4B-00C04F79EFBC}") = "JHNMIL001cloudWS", "JHNMIL001cloudWS\JHNMIL001cloudWS.csproj", "{A3408986-BA76-478D-B884-E887755F8732}"
EndProject
Global
	GlobalSection(SolutionConfigurationPlatforms) = preSolution
		Debug|Any CPU = Debug|Any CPU
		Release|Any CPU = Release|Any CPU
	EndGlobalSection
	GlobalSection(ProjectConfigurationPlatforms) = postSolution
		{A3408986-BA76-478D-B884-E887755F8732}.Debug|Any CPU.ActiveCfg = Debug|Any CPU
		{A3408986-BA76-478D-B884-E887755F8732}.Debug|Any CPU.Build.0 = Debug|Any CPU
		{A3408986-BA76-478D-B884-E887755F8732}.Release|Any CPU.ActiveCfg = Release|Any CPU
		{A3408986-BA76-478D-B884-E887755F8732}.Release|Any CPU.Build.0 = Release|Any CPU
	EndGlobalSection
	GlobalSection(SolutionProperties) = preSolution
		HideSolutionNode = FALSE
	EndGlobalSection
	GlobalSection(ExtensibilityGlobals) = postSolution
		SolutionGuid = {DFD1F0F0-246F-471F-B78E-BF484B1E7EAA}
	EndGlobalSection
EndGlobal
